
Microsoft Visual Studio Solution File, Format Version 12.00
# Visual Studio Version 17
VisualStudioVersion = 17.7.34009.444
MinimumVisualStudioVersion = 10.0.40219.1
Project("{FAE04EC0-301F-11D3-BF4B-00C04F79EFBC}") = "BlazorSyncfusionPivotTable", "BlazorSyncfusionPivotTable\BlazorSyncfusionPivotTable.csproj", "{63A5099D-F2F2-47DF-B34D-F332733BA92F}"
EndProject
Global
	GlobalSection(SolutionConfigurationPlatforms) = preSolution
		Debug|Any CPU = Debug|Any CPU
		Release|Any CPU = Release|Any CPU
	EndGlobalSection
	GlobalSection(ProjectConfigurationPlatforms) = postSolution
		{63A5099D-F2F2-47DF-B34D-F332733BA92F}.Debug|Any CPU.ActiveCfg = Debug|Any CPU
		{63A5099D-F2F2-47DF-B34D-F332733BA92F}.Debug|Any CPU.Build.0 = Debug|Any CPU
		{63A5099D-F2F2-47DF-B34D-F332733BA92F}.Release|Any CPU.ActiveCfg = Release|Any CPU
		{63A5099D-F2F2-47DF-B34D-F332733BA92F}.Release|Any CPU.Build.0 = Release|Any CPU
	EndGlobalSection
	GlobalSection(SolutionProperties) = preSolution
		HideSolutionNode = FALSE
	EndGlobalSection
	GlobalSection(ExtensibilityGlobals) = postSolution
		SolutionGuid = {EC5DCD8E-2B8F-465D-B936-58702C98B048}
	EndGlobalSection
EndGlobal
